
Microsoft Visual Studio Solution File, Format Version 12.00
# Visual Studio 14
VisualStudioVersion = 14.0.25420.1
MinimumVisualStudioVersion = 10.0.40219.1
Project("{8BC9CEB8-8B4A-11D0-8D11-00A0C91BC942}") = "UnitTests", "UnitTests\UnitTests.vcxproj", "{FCFF99AA-B699-4245-826D-233BABE68E79}"
EndProject
Project("{8BC9CEB8-8B4A-11D0-8D11-00A0C91BC942}") = "Game", "Game\Game.vcxproj", "{79E7A9BA-1743-426B-A2EB-7F44B9DF2CCA}"
EndProject
Project("{8BC9CEB8-8B4A-11D0-8D11-00A0C91BC942}") = "Engine", "Engine\Engine.vcxproj", "{8B736D01-930C-45F1-AA01-7AF4938E14EE}"
EndProject
Project("{2150E333-8FDC-42A3-9474-1A3956D46DE8}") = "Solution Items", "Solution Items", "{883E59C6-4078-40D7-9F28-A7231935510C}"
	ProjectSection(SolutionItems) = preProject
		.gitignore = .gitignore
		README.md = README.md
	EndProjectSection
EndProject
Global
	GlobalSection(SolutionConfigurationPlatforms) = preSolution
		Debug|x64 = Debug|x64
		Debug|x86 = Debug|x86
		Release|x64 = Release|x64
		Release|x86 = Release|x86
	EndGlobalSection
	GlobalSection(ProjectConfigurationPlatforms) = postSolution
		{FCFF99AA-B699-4245-826D-233BABE68E79}.Debug|x64.ActiveCfg = Debug|x64
		{FCFF99AA-B699-4245-826D-233BABE68E79}.Debug|x64.Build.0 = Debug|x64
		{FCFF99AA-B699-4245-826D-233BABE68E79}.Debug|x86.ActiveCfg = Debug|Win32
		{FCFF99AA-B699-4245-826D-233BABE68E79}.Debug|x86.Build.0 = Debug|Win32
		{FCFF99AA-B699-4245-826D-233BABE68E79}.Release|x64.ActiveCfg = Release|x64
		{FCFF99AA-B699-4245-826D-233BABE68E79}.Release|x64.Build.0 = Release|x64
		{FCFF99AA-B699-4245-826D-233BABE68E79}.Release|x86.ActiveCfg = Release|Win32
		{FCFF99AA-B699-4245-826D-233BABE68E79}.Release|x86.Build.0 = Release|Win32
		{79E7A9BA-1743-426B-A2EB-7F44B9DF2CCA}.Debug|x64.ActiveCfg = Debug|x64
		{79E7A9BA-1743-426B-A2EB-7F44B9DF2CCA}.Debug|x64.Build.0 = Debug|x64
		{79E7A9BA-1743-426B-A2EB-7F44B9DF2CCA}.Debug|x86.ActiveCfg = Debug|Win32
		{79E7A9BA-1743-426B-A2EB-7F44B9DF2CCA}.Debug|x86.Build.0 = Debug|Win32
		{79E7A9BA-1743-426B-A2EB-7F44B9DF2CCA}.Release|x64.ActiveCfg = Release|x64
		{79E7A9BA-1743-426B-A2EB-7F44B9DF2CCA}.Release|x64.Build.0 = Release|x64
		{79E7A9BA-1743-426B-A2EB-7F44B9DF2CCA}.Release|x86.ActiveCfg = Release|Win32
		{79E7A9BA-1743-426B-A2EB-7F44B9DF2CCA}.Release|x86.Build.0 = Release|Win32
		{8B736D01-930C-45F1-AA01-7AF4938E14EE}.Debug|x64.ActiveCfg = Debug|x64
		{8B736D01-930C-45F1-AA01-7AF4938E14EE}.Debug|x64.Build.0 = Debug|x64
		{8B736D01-930C-45F1-AA01-7AF4938E14EE}.Debug|x86.ActiveCfg = Debug|Win32
		{8B736D01-930C-45F1-AA01-7AF4938E14EE}.Debug|x86.Build.0 = Debug|Win32
		{8B736D01-930C-45F1-AA01-7AF4938E14EE}.Release|x64.ActiveCfg = Release|x64
		{8B736D01-930C-45F1-AA01-7AF4938E14EE}.Release|x64.Build.0 = Release|x64
		{8B736D01-930C-45F1-AA01-7AF4938E14EE}.Release|x86.ActiveCfg = Release|Win32
		{8B736D01-930C-45F1-AA01-7AF4938E14EE}.Release|x86.Build.0 = Release|Win32
	EndGlobalSection
	GlobalSection(SolutionProperties) = preSolution
		HideSolutionNode = FALSE
	EndGlobalSection
EndGlobal
